
Microsoft Visual Studio Solution File, Format Version 12.00
# Visual Studio Version 17
VisualStudioVersion = 17.14.36518.9 d17.14
MinimumVisualStudioVersion = 10.0.40219.1
Project("{888888A0-9F3D-457C-B088-3A5042F75D52}") = "soundphereProject", "soundphereProject.pyproj", "{EA4DA19C-2415-45E3-B0BE-EBE49EF03637}"
EndProject
Global
	GlobalSection(SolutionConfigurationPlatforms) = preSolution
		Debug|Any CPU = Debug|Any CPU
		Release|Any CPU = Release|Any CPU
	EndGlobalSection
	GlobalSection(ProjectConfigurationPlatforms) = postSolution
		{EA4DA19C-2415-45E3-B0BE-EBE49EF03637}.Debug|Any CPU.ActiveCfg = Debug|Any CPU
		{EA4DA19C-2415-45E3-B0BE-EBE49EF03637}.Debug|Any CPU.Build.0 = Debug|Any CPU
		{EA4DA19C-2415-45E3-B0BE-EBE49EF03637}.Release|Any CPU.ActiveCfg = Release|Any CPU
		{EA4DA19C-2415-45E3-B0BE-EBE49EF03637}.Release|Any CPU.Build.0 = Release|Any CPU
	EndGlobalSection
	GlobalSection(SolutionProperties) = preSolution
		HideSolutionNode = FALSE
	EndGlobalSection
	GlobalSection(ExtensibilityGlobals) = postSolution
		SolutionGuid = {D2668E1A-8735-4262-B485-4B1D08CBF948}
	EndGlobalSection
EndGlobal
